github.com/roseduan/mmap-go v1.0.0 h1:tAJCmzNX3fCA2Py4tburp6LybW90ZnYyMbziiltw8Ww=
github.com/roseduan/mmap-go v1.0.0/go.mod h1:SwtjKEtWixvWFMk+VGzVQc3d/AUbp37imbhUN3sT0aQ=
golang.org/x/sys v0.0.0-20211216021012-1d35b9e2eb4e h1:fLOSk5Q00efkSvAm+4xcoXD+RRmLmmulPn5I3Y9F2EM=
golang.org/x/sys v0.0.0-20211216021012-1d35b9e2eb4e/go.mod h1:oPkhp1MJrh7nUepCBck5+mAzfO9JrbApNNgaTdGDITg=
